{
  "name": "tej",
  "version": "1.0.0",
  "lockfileVersion": 1,
  "requires": true,
  "dependencies": {
    "animate.css": {
      "version": "3.5.2",
      "resolved": "https://registry.npmjs.org/animate.css/-/animate.css-3.5.2.tgz",
      "integrity": "sha1-keZo3AaagI5eSZUUhnuXquAWbDY="
    },
    "aos": {
      "version": "2.2.0",
      "resolved": "https://registry.npmjs.org/aos/-/aos-2.2.0.tgz",
      "integrity": "sha512-nxVfCOSQ5yboyy99KCIe6CM+68hNwggBROgdn/P+x0p3dAgtX3JVONZ27XKm93Ol9hvTtgoCjCffZU4HEr0nZQ=="
    },
    "autoprefixer": {
      "version": "6.7.7",
      "resolved": "https://registry.npmjs.org/autoprefixer/-/autoprefixer-6.7.7.tgz",
      "integrity": "sha1-Hb0cg1ZY41zj+ZhAmdsAWFx4IBQ=",
      "dev": true
    },
    "axios": {
      "version": "0.15.3",
      "resolved": "https://registry.npmjs.org/axios/-/axios-0.15.3.tgz",
      "integrity": "sha1-LJ1jiy4ZGgjqHWzJiOrda6W9wFM="
    },
    "babel-cli": {
      "version": "6.26.0",
      "resolved": "https://registry.npmjs.org/babel-cli/-/babel-cli-6.26.0.tgz",
      "integrity": "sha1-UCq1SHTX24itALiHoGODzgPQAvE=",
      "dev": true
    },
    "babel-core": {
      "version": "6.26.0",
      "resolved": "https://registry.npmjs.org/babel-core/-/babel-core-6.26.0.tgz",
      "integrity": "sha1-rzL3izGm/O8RnIew/Y2XU/A6C7g=",
      "dev": true
    },
    "babel-loader": {
      "version": "6.4.1",
      "resolved": "https://registry.npmjs.org/babel-loader/-/babel-loader-6.4.1.tgz",
      "integrity": "sha1-CzQRLVsHSKjc2/Uaz2+b1C1QuMo=",
      "dev": true
    },
    "babel-plugin-transform-strict-mode": {
      "version": "6.24.1",
      "resolved": "https://registry.npmjs.org/babel-plugin-transform-strict-mode/-/babel-plugin-transform-strict-mode-6.24.1.tgz",
      "integrity": "sha1-1fr3qleKZbvlkc9e2uBKDGcCB1g=",
      "dev": true
    },
    "babel-preset-es2015": {
      "version": "6.24.1",
      "resolved": "https://registry.npmjs.org/babel-preset-es2015/-/babel-preset-es2015-6.24.1.tgz",
      "integrity": "sha1-1EBQ1rwsn+6nAqrzjXJ6AhBTiTk=",
      "dev": true
    },
    "bootstrap": {
      "version": "3.4.1",
      "resolved": "https://registry.npmjs.org/bootstrap/-/bootstrap-3.4.1.tgz",
      "integrity": "sha512-yN5oZVmRCwe5aKwzRj6736nSmKDX7pLYwsXiCj/EYmo16hODaBiT4En5btW/jhBF/seV+XMx3aYwukYC3A49DA=="
    },
    "bootstrap-sass": {
      "version": "3.3.7",
      "resolved": "https://registry.npmjs.org/bootstrap-sass/-/bootstrap-sass-3.3.7.tgz",
      "integrity": "sha1-ZZbHq0D2Y3OTMjqwvIDQZPxjBJg="
    },
    "clean-webpack-plugin": {
      "version": "0.1.16",
      "resolved": "https://registry.npmjs.org/clean-webpack-plugin/-/clean-webpack-plugin-0.1.16.tgz",
      "integrity": "sha1-QiqOFQvz1av9PRS/rLBw6A+y4j8=",
      "dev": true
    },
    "cross-env": {
      "version": "4.0.0",
      "resolved": "https://registry.npmjs.org/cross-env/-/cross-env-4.0.0.tgz",
      "integrity": "sha1-Fgg4YtCCdaRiiwskOxIb7apV3YA=",
      "dev": true
    },
    "css-loader": {
      "version": "0.26.4",
      "resolved": "https://registry.npmjs.org/css-loader/-/css-loader-0.26.4.tgz",
      "integrity": "sha1-th6eMNuUMD5v/IkvEOzQmtAlof0=",
      "dev": true,
      "dependencies": {
        "loader-utils": {
          "version": "1.1.0",
          "resolved": "https://registry.npmjs.org/loader-utils/-/loader-utils-1.1.0.tgz",
          "integrity": "sha1-yYrvSIvM7aL/teLeZG1qdUQp9c0="
        }
      }
    },
    "et-line": {
      "version": "1.0.1",
      "resolved": "https://registry.npmjs.org/et-line/-/et-line-1.0.1.tgz",
      "integrity": "sha1-0yW18wEnyOybo/8Z+zK6j/R3lfw="
    },
    "extract-text-webpack-plugin": {
      "version": "2.1.2",
      "resolved": "https://registry.npmjs.org/extract-text-webpack-plugin/-/extract-text-webpack-plugin-2.1.2.tgz",
      "integrity": "sha1-dW7076gVXDaBgz+8NNpTuUF0bWw=",
      "dev": true,
      "dependencies": {
        "loader-utils": {
          "version": "1.1.0",
          "resolved": "https://registry.npmjs.org/loader-utils/-/loader-utils-1.1.0.tgz",
          "integrity": "sha1-yYrvSIvM7aL/teLeZG1qdUQp9c0="
        }
      }
    },
    "file-loader": {
      "version": "0.10.1",
      "resolved": "https://registry.npmjs.org/file-loader/-/file-loader-0.10.1.tgz",
      "integrity": "sha1-gVA0EZiR/GRB+1pkwRvJPCLd2EI=",
      "dev": true,
      "dependencies": {
        "loader-utils": {
          "version": "1.1.0",
          "resolved": "https://registry.npmjs.org/loader-utils/-/loader-utils-1.1.0.tgz",
          "integrity": "sha1-yYrvSIvM7aL/teLeZG1qdUQp9c0="
        }
      }
    },
    "font-awesome": {
      "version": "4.7.0",
      "resolved": "https://registry.npmjs.org/font-awesome/-/font-awesome-4.7.0.tgz",
      "integrity": "sha1-j6jPBBGhoxr9B7BtKQK7n8gVoTM="
    },
    "friendly-errors-webpack-plugin": {
      "version": "1.6.1",
      "resolved": "https://registry.npmjs.org/friendly-errors-webpack-plugin/-/friendly-errors-webpack-plugin-1.6.1.tgz",
      "integrity": "sha1-4yeBxHIvVGoGqbXXp8+ihSA3XXA=",
      "dev": true
    },
    "img-loader": {
      "version": "2.0.0",
      "resolved": "https://registry.npmjs.org/img-loader/-/img-loader-2.0.0.tgz",
      "integrity": "sha1-WDdAs+KjiuulQ1x91TC+nOdFT9k=",
      "dev": true,
      "dependencies": {
        "loader-utils": {
          "version": "1.1.0",
          "resolved": "https://registry.npmjs.org/loader-utils/-/loader-utils-1.1.0.tgz",
          "integrity": "sha1-yYrvSIvM7aL/teLeZG1qdUQp9c0="
        }
      }
    },
    "jquery": {
      "version": "3.2.1",
      "resolved": "https://registry.npmjs.org/jquery/-/jquery-3.2.1.tgz",
      "integrity": "sha1-XE2d5lKvbNCncBVKYxu6ErAVx4c="
    },
    "magnific-popup": {
      "version": "1.1.0",
      "resolved": "https://registry.npmjs.org/magnific-popup/-/magnific-popup-1.1.0.tgz",
      "integrity": "sha1-PnNixb0Y9nhf6Z5Z0BPiCvM9MEk="
    },
    "node-sass": {
      "version": "4.5.3",
      "resolved": "https://registry.npmjs.org/node-sass/-/node-sass-4.5.3.tgz",
      "integrity": "sha1-0JydEXlkEjnRuX/8YjH9zsU+FWg=",
      "dev": true,
      "dependencies": {
        "cross-spawn": {
          "version": "3.0.1",
          "resolved": "https://registry.npmjs.org/cross-spawn/-/cross-spawn-3.0.1.tgz",
          "integrity": "sha1-ElYDfsufDF9549bvE14wdwGEuYI="
        }
      }
    },
    "owl.carousel": {
      "version": "2.2.0",
      "resolved": "https://registry.npmjs.org/owl.carousel/-/owl.carousel-2.2.0.tgz",
      "integrity": "sha1-81mNAeYHV7wQeys8YSMbEUDPNgw="
    },
    "postcss-loader": {
      "version": "1.3.3",
      "resolved": "https://registry.npmjs.org/postcss-loader/-/postcss-loader-1.3.3.tgz",
      "integrity": "sha1-piHqH6KQYqg5cqRvVEhncTAZFus=",
      "dev": true,
      "dependencies": {
        "loader-utils": {
          "version": "1.1.0",
          "resolved": "https://registry.npmjs.org/loader-utils/-/loader-utils-1.1.0.tgz",
          "integrity": "sha1-yYrvSIvM7aL/teLeZG1qdUQp9c0="
        }
      }
    },
    "purifycss-webpack": {
      "version": "0.5.0",
      "resolved": "https://registry.npmjs.org/purifycss-webpack/-/purifycss-webpack-0.5.0.tgz",
      "integrity": "sha1-5FFt6uikUw6QHMjgAa5CAIDoELo=",
      "dev": true,
      "dependencies": {
        "ajv": {
          "version": "4.11.8",
          "resolved": "https://registry.npmjs.org/ajv/-/ajv-4.11.8.tgz",
          "integrity": "sha1-gv+wKynmYq5TvcIK8VlHcGc5xTY="
        },
        "webpack-sources": {
          "version": "0.1.5",
          "resolved": "https://registry.npmjs.org/webpack-sources/-/webpack-sources-0.1.5.tgz",
          "integrity": "sha1-qh86vw8NdNtxEcQOUAuE+WZkB1A="
        }
      }
    },
    "raw-loader": {
      "version": "0.5.1",
      "resolved": "https://registry.npmjs.org/raw-loader/-/raw-loader-0.5.1.tgz",
      "integrity": "sha1-DD0L6u2KAclm2Xh793goElKpeao=",
      "dev": true
    },
    "resolve-url-loader": {
      "version": "2.1.0",
      "resolved": "https://registry.npmjs.org/resolve-url-loader/-/resolve-url-loader-2.1.0.tgz",
      "integrity": "sha1-J8lcwWpDU5I/29wtuvXu8iIyxHc=",
      "dev": true,
      "dependencies": {
        "camelcase": {
          "version": "4.1.0",
          "resolved": "https://registry.npmjs.org/camelcase/-/camelcase-4.1.0.tgz",
          "integrity": "sha1-1UVjW+HjPFQmScaRc+Xeas+uNN0="
        },
        "loader-utils": {
          "version": "1.1.0",
          "resolved": "https://registry.npmjs.org/loader-utils/-/loader-utils-1.1.0.tgz",
          "integrity": "sha1-yYrvSIvM7aL/teLeZG1qdUQp9c0="
        }
      }
    },
    "sass-loader": {
      "version": "6.0.6",
      "resolved": "https://registry.npmjs.org/sass-loader/-/sass-loader-6.0.6.tgz",
      "integrity": "sha512-c3/Zc+iW+qqDip6kXPYLEgsAu2lf4xz0EZDplB7EmSUMda12U1sGJPetH55B/j9eu0bTtKzKlNPWWyYC7wFNyQ==",
      "dev": true,
      "dependencies": {
        "loader-utils": {
          "version": "1.1.0",
          "resolved": "https://registry.npmjs.org/loader-utils/-/loader-utils-1.1.0.tgz",
          "integrity": "sha1-yYrvSIvM7aL/teLeZG1qdUQp9c0="
        },
        "pify": {
          "version": "3.0.0",
          "resolved": "https://registry.npmjs.org/pify/-/pify-3.0.0.tgz",
          "integrity": "sha1-5aSs0sEB/fPZpNB/DbxNtJ3SgXY="
        }
      }
    },
    "style-loader": {
      "version": "0.16.1",
      "resolved": "https://registry.npmjs.org/style-loader/-/style-loader-0.16.1.tgz",
      "integrity": "sha1-UOMlJY1OeEId2WgGNrQehmFZXRA=",
      "dev": true,
      "dependencies": {
        "loader-utils": {
          "version": "1.1.0",
          "resolved": "https://registry.npmjs.org/loader-utils/-/loader-utils-1.1.0.tgz",
          "integrity": "sha1-yYrvSIvM7aL/teLeZG1qdUQp9c0="
        }
      }
    },
    "vue": {
      "version": "2.4.2",
      "resolved": "https://registry.npmjs.org/vue/-/vue-2.4.2.tgz",
      "integrity": "sha512-GB5r+CsrCHIB1PoXt4wgBienjF3WGYOIaTK27tDk96sZxpL5RwRrsi9I3ECwFt8x8qAmxT2xk1vsY2Vpcn9nIw=="
    },
    "vue-axios": {
      "version": "1.2.2",
      "resolved": "https://registry.npmjs.org/vue-axios/-/vue-axios-1.2.2.tgz",
      "integrity": "sha1-0Yu0j6e/Rp/6hmdpYPUqibfTip0="
    },
    "vue-loader": {
      "version": "11.3.4",
      "resolved": "https://registry.npmjs.org/vue-loader/-/vue-loader-11.3.4.tgz",
      "integrity": "sha1-ZeEKRM4JLZBuFLvHKYHeyZ6wkNI=",
      "dev": true,
      "dependencies": {
        "loader-utils": {
          "version": "1.1.0",
          "resolved": "https://registry.npmjs.org/loader-utils/-/loader-utils-1.1.0.tgz",
          "integrity": "sha1-yYrvSIvM7aL/teLeZG1qdUQp9c0="
        }
      }
    },
    "vue-scroll": {
      "version": "2.0.3",
      "resolved": "https://registry.npmjs.org/vue-scroll/-/vue-scroll-2.0.3.tgz",
      "integrity": "sha1-dG3O7o1c692YttPZzq3fZ1X0qgA="
    },
    "vue-template-compiler": {
      "version": "2.4.2",
      "resolved": "https://registry.npmjs.org/vue-template-compiler/-/vue-template-compiler-2.4.2.tgz",
      "integrity": "sha512-sKa2Bdvh+j6V9eQSyJRxsf8fak0FtQkCZ145aYFDVwZBhHOTt1vKrODLo4RelI1dUczKlDCp5aZ9MD7uJOZwvw==",
      "dev": true
    },
    "webpack": {
      "version": "2.7.0",
      "resolved": "https://registry.npmjs.org/webpack/-/webpack-2.7.0.tgz",
      "integrity": "sha512-MjAA0ZqO1ba7ZQJRnoCdbM56mmFpipOPUv/vQpwwfSI42p5PVDdoiuK2AL2FwFUVgT859Jr43bFZXRg/LNsqvg==",
      "dev": true,
      "dependencies": {
        "ajv": {
          "version": "4.11.8",
          "resolved": "https://registry.npmjs.org/ajv/-/ajv-4.11.8.tgz",
          "integrity": "sha1-gv+wKynmYq5TvcIK8VlHcGc5xTY="
        },
        "camelcase": {
          "version": "1.2.1",
          "resolved": "https://registry.npmjs.org/camelcase/-/camelcase-1.2.1.tgz",
          "integrity": "sha1-m7UwTS4LVmmLLHWLCKPqqdqlijk="
        },
        "cliui": {
          "version": "2.1.0",
          "resolved": "https://registry.npmjs.org/cliui/-/cliui-2.1.0.tgz",
          "integrity": "sha1-S0dXYP+AJkx2LDoXGQMukcf+oNE="
        },
        "uglify-js": {
          "version": "2.8.29",
          "resolved": "https://registry.npmjs.org/uglify-js/-/uglify-js-2.8.29.tgz",
          "integrity": "sha1-KcVzMUgFe7Th913zW3qcty5qWd0=",
          "dependencies": {
            "yargs": {
              "version": "3.10.0",
              "resolved": "https://registry.npmjs.org/yargs/-/yargs-3.10.0.tgz",
              "integrity": "sha1-9+572FfdfB0tOMDnTvvWgdFDH9E="
            }
          }
        },
        "yargs": {
          "version": "6.6.0",
          "resolved": "https://registry.npmjs.org/yargs/-/yargs-6.6.0.tgz",
          "integrity": "sha1-eC7CHvQDNF+DCoCMo9UTr1YGUgg=",
          "dependencies": {
            "camelcase": {
              "version": "3.0.0",
              "resolved": "https://registry.npmjs.org/camelcase/-/camelcase-3.0.0.tgz",
              "integrity": "sha1-MvxLn82vhF/N9+c7uXysImHwqwo="
            },
            "cliui": {
              "version": "3.2.0",
              "resolved": "https://registry.npmjs.org/cliui/-/cliui-3.2.0.tgz",
              "integrity": "sha1-EgYBU3qRbSmUD5NNo7SNWFo5IT0="
            }
          }
        },
        "yargs-parser": {
          "version": "4.2.1",
          "resolved": "https://registry.npmjs.org/yargs-parser/-/yargs-parser-4.2.1.tgz",
          "integrity": "sha1-KczqwNxPA8bIe0qfIX3RjJ90hxw=",
          "dependencies": {
            "camelcase": {
              "version": "3.0.0",
              "resolved": "https://registry.npmjs.org/camelcase/-/camelcase-3.0.0.tgz",
              "integrity": "sha1-MvxLn82vhF/N9+c7uXysImHwqwo="
            }
          }
        }
      }
    }
  }
}
